
Microsoft Visual Studio Solution File, Format Version 12.00
# Visual Studio Version 16
VisualStudioVersion = 16.0.35706.149
MinimumVisualStudioVersion = 10.0.40219.1
Project("{9A19103F-16F7-4668-BE54-9A1E7A4F7556}") = "TestAutomation.UnitTests", "TestAutomation.UnitTests\TestAutomation.UnitTests.csproj", "{610F1050-98E2-4152-9F9B-15C1BF9E5747}"
EndProject
Project("{9A19103F-16F7-4668-BE54-9A1E7A4F7556}") = "TestAutomation.Selenium", "TestAutomation.Selenium\TestAutomation.Selenium.csproj", "{051FFC1D-4ECF-4298-B2FF-A5AA7DD7B421}"
EndProject
Project("{9A19103F-16F7-4668-BE54-9A1E7A4F7556}") = "TestAutomation.PageObjects", "TestAutomation.PageObjects\TestAutomation.PageObjects.csproj", "{402B567F-541E-4A42-BB3E-DFD4FAE4A2C7}"
EndProject
Project("{9A19103F-16F7-4668-BE54-9A1E7A4F7556}") = "LF.Finans.PageObjects", "LF.Finans.PageObjects\LF.Finans.PageObjects.csproj", "{86E4594F-0731-45BB-9B14-3EC8BE6BC651}"
EndProject
Global
	GlobalSection(SolutionConfigurationPlatforms) = preSolution
		Debug|Any CPU = Debug|Any CPU
		Release|Any CPU = Release|Any CPU
	EndGlobalSection
	GlobalSection(ProjectConfigurationPlatforms) = postSolution
		{610F1050-98E2-4152-9F9B-15C1BF9E5747}.Debug|Any CPU.ActiveCfg = Debug|Any CPU
		{610F1050-98E2-4152-9F9B-15C1BF9E5747}.Debug|Any CPU.Build.0 = Debug|Any CPU
		{610F1050-98E2-4152-9F9B-15C1BF9E5747}.Release|Any CPU.ActiveCfg = Release|Any CPU
		{610F1050-98E2-4152-9F9B-15C1BF9E5747}.Release|Any CPU.Build.0 = Release|Any CPU
		{051FFC1D-4ECF-4298-B2FF-A5AA7DD7B421}.Debug|Any CPU.ActiveCfg = Debug|Any CPU
		{051FFC1D-4ECF-4298-B2FF-A5AA7DD7B421}.Debug|Any CPU.Build.0 = Debug|Any CPU
		{051FFC1D-4ECF-4298-B2FF-A5AA7DD7B421}.Release|Any CPU.ActiveCfg = Release|Any CPU
		{051FFC1D-4ECF-4298-B2FF-A5AA7DD7B421}.Release|Any CPU.Build.0 = Release|Any CPU
		{402B567F-541E-4A42-BB3E-DFD4FAE4A2C7}.Debug|Any CPU.ActiveCfg = Debug|Any CPU
		{402B567F-541E-4A42-BB3E-DFD4FAE4A2C7}.Debug|Any CPU.Build.0 = Debug|Any CPU
		{402B567F-541E-4A42-BB3E-DFD4FAE4A2C7}.Release|Any CPU.ActiveCfg = Release|Any CPU
		{402B567F-541E-4A42-BB3E-DFD4FAE4A2C7}.Release|Any CPU.Build.0 = Release|Any CPU
		{86E4594F-0731-45BB-9B14-3EC8BE6BC651}.Debug|Any CPU.ActiveCfg = Debug|Any CPU
		{86E4594F-0731-45BB-9B14-3EC8BE6BC651}.Debug|Any CPU.Build.0 = Debug|Any CPU
		{86E4594F-0731-45BB-9B14-3EC8BE6BC651}.Release|Any CPU.ActiveCfg = Release|Any CPU
		{86E4594F-0731-45BB-9B14-3EC8BE6BC651}.Release|Any CPU.Build.0 = Release|Any CPU
	EndGlobalSection
	GlobalSection(SolutionProperties) = preSolution
		HideSolutionNode = FALSE
	EndGlobalSection
	GlobalSection(ExtensibilityGlobals) = postSolution
		SolutionGuid = {F3B42309-35EE-497E-ABFB-6D99089E6E1D}
	EndGlobalSection
EndGlobal
